
Microsoft Visual Studio Solution File, Format Version 12.00
# Visual Studio Version 17
VisualStudioVersion = 17.3.32929.385
MinimumVisualStudioVersion = 10.0.40219.1
Project("{FAE04EC0-301F-11D3-BF4B-00C04F79EFBC}") = "Zadanie - klasa Person,Child", "Zadanie - klasa Person,Child.csproj", "{A0BF5DC3-C35C-49C8-B732-CA27AF7ADCE7}"
EndProject
Global
	GlobalSection(SolutionConfigurationPlatforms) = preSolution
		Debug|Any CPU = Debug|Any CPU
		Release|Any CPU = Release|Any CPU
	EndGlobalSection
	GlobalSection(ProjectConfigurationPlatforms) = postSolution
		{A0BF5DC3-C35C-49C8-B732-CA27AF7ADCE7}.Debug|Any CPU.ActiveCfg = Debug|Any CPU
		{A0BF5DC3-C35C-49C8-B732-CA27AF7ADCE7}.Debug|Any CPU.Build.0 = Debug|Any CPU
		{A0BF5DC3-C35C-49C8-B732-CA27AF7ADCE7}.Release|Any CPU.ActiveCfg = Release|Any CPU
		{A0BF5DC3-C35C-49C8-B732-CA27AF7ADCE7}.Release|Any CPU.Build.0 = Release|Any CPU
	EndGlobalSection
	GlobalSection(SolutionProperties) = preSolution
		HideSolutionNode = FALSE
	EndGlobalSection
	GlobalSection(ExtensibilityGlobals) = postSolution
		SolutionGuid = {B1F68F35-103F-458C-B958-AC7C017ADF8F}
	EndGlobalSection
EndGlobal
