
Microsoft Visual Studio Solution File, Format Version 12.00
# Visual Studio Version 17
VisualStudioVersion = 17.3.32929.385
MinimumVisualStudioVersion = 10.0.40219.1
Project("{FAE04EC0-301F-11D3-BF4B-00C04F79EFBC}") = "Kolos3", "Kolos3.csproj", "{93144105-85F0-4CA9-B3FA-35FD0671904E}"
EndProject
Global
	GlobalSection(SolutionConfigurationPlatforms) = preSolution
		Debug|Any CPU = Debug|Any CPU
		Release|Any CPU = Release|Any CPU
	EndGlobalSection
	GlobalSection(ProjectConfigurationPlatforms) = postSolution
		{93144105-85F0-4CA9-B3FA-35FD0671904E}.Debug|Any CPU.ActiveCfg = Debug|Any CPU
		{93144105-85F0-4CA9-B3FA-35FD0671904E}.Debug|Any CPU.Build.0 = Debug|Any CPU
		{93144105-85F0-4CA9-B3FA-35FD0671904E}.Release|Any CPU.ActiveCfg = Release|Any CPU
		{93144105-85F0-4CA9-B3FA-35FD0671904E}.Release|Any CPU.Build.0 = Release|Any CPU
	EndGlobalSection
	GlobalSection(SolutionProperties) = preSolution
		HideSolutionNode = FALSE
	EndGlobalSection
	GlobalSection(ExtensibilityGlobals) = postSolution
		SolutionGuid = {41FD76C4-DF3C-4831-9073-3A2E28D3C136}
	EndGlobalSection
EndGlobal
