
Microsoft Visual Studio Solution File, Format Version 12.00
# Visual Studio Version 17
VisualStudioVersion = 17.3.32929.385
MinimumVisualStudioVersion = 10.0.40219.1
Project("{FAE04EC0-301F-11D3-BF4B-00C04F79EFBC}") = "Zadanie 3", "Zadanie 3.csproj", "{D5F83CE6-44BF-4AC3-B96B-5AF317A630BF}"
EndProject
Global
	GlobalSection(SolutionConfigurationPlatforms) = preSolution
		Debug|Any CPU = Debug|Any CPU
		Release|Any CPU = Release|Any CPU
	EndGlobalSection
	GlobalSection(ProjectConfigurationPlatforms) = postSolution
		{D5F83CE6-44BF-4AC3-B96B-5AF317A630BF}.Debug|Any CPU.ActiveCfg = Debug|Any CPU
		{D5F83CE6-44BF-4AC3-B96B-5AF317A630BF}.Debug|Any CPU.Build.0 = Debug|Any CPU
		{D5F83CE6-44BF-4AC3-B96B-5AF317A630BF}.Release|Any CPU.ActiveCfg = Release|Any CPU
		{D5F83CE6-44BF-4AC3-B96B-5AF317A630BF}.Release|Any CPU.Build.0 = Release|Any CPU
	EndGlobalSection
	GlobalSection(SolutionProperties) = preSolution
		HideSolutionNode = FALSE
	EndGlobalSection
	GlobalSection(ExtensibilityGlobals) = postSolution
		SolutionGuid = {E3EC732A-B595-411D-843A-5E55706291BE}
	EndGlobalSection
EndGlobal
