
Microsoft Visual Studio Solution File, Format Version 12.00
# Visual Studio Version 17
VisualStudioVersion = 17.3.32929.385
MinimumVisualStudioVersion = 10.0.40219.1
Project("{FAE04EC0-301F-11D3-BF4B-00C04F79EFBC}") = "Zadanie - Obsługa Wyjątków 1", "Zadanie - Obsługa Wyjątków 1.csproj", "{D66AB57B-E080-42FD-8E5F-C20D4CB6B71F}"
EndProject
Global
	GlobalSection(SolutionConfigurationPlatforms) = preSolution
		Debug|Any CPU = Debug|Any CPU
		Release|Any CPU = Release|Any CPU
	EndGlobalSection
	GlobalSection(ProjectConfigurationPlatforms) = postSolution
		{D66AB57B-E080-42FD-8E5F-C20D4CB6B71F}.Debug|Any CPU.ActiveCfg = Debug|Any CPU
		{D66AB57B-E080-42FD-8E5F-C20D4CB6B71F}.Debug|Any CPU.Build.0 = Debug|Any CPU
		{D66AB57B-E080-42FD-8E5F-C20D4CB6B71F}.Release|Any CPU.ActiveCfg = Release|Any CPU
		{D66AB57B-E080-42FD-8E5F-C20D4CB6B71F}.Release|Any CPU.Build.0 = Release|Any CPU
	EndGlobalSection
	GlobalSection(SolutionProperties) = preSolution
		HideSolutionNode = FALSE
	EndGlobalSection
	GlobalSection(ExtensibilityGlobals) = postSolution
		SolutionGuid = {19D836F5-0018-4E18-856E-294B0148C331}
	EndGlobalSection
EndGlobal
