
Microsoft Visual Studio Solution File, Format Version 12.00
# Visual Studio Version 17
VisualStudioVersion = 17.3.32929.385
MinimumVisualStudioVersion = 10.0.40219.1
Project("{FAE04EC0-301F-11D3-BF4B-00C04F79EFBC}") = "Kolos1", "Kolos1.csproj", "{3ADF5C1F-8DBA-4FDC-B737-1FF133B9FA8C}"
EndProject
Global
	GlobalSection(SolutionConfigurationPlatforms) = preSolution
		Debug|Any CPU = Debug|Any CPU
		Release|Any CPU = Release|Any CPU
	EndGlobalSection
	GlobalSection(ProjectConfigurationPlatforms) = postSolution
		{3ADF5C1F-8DBA-4FDC-B737-1FF133B9FA8C}.Debug|Any CPU.ActiveCfg = Debug|Any CPU
		{3ADF5C1F-8DBA-4FDC-B737-1FF133B9FA8C}.Debug|Any CPU.Build.0 = Debug|Any CPU
		{3ADF5C1F-8DBA-4FDC-B737-1FF133B9FA8C}.Release|Any CPU.ActiveCfg = Release|Any CPU
		{3ADF5C1F-8DBA-4FDC-B737-1FF133B9FA8C}.Release|Any CPU.Build.0 = Release|Any CPU
	EndGlobalSection
	GlobalSection(SolutionProperties) = preSolution
		HideSolutionNode = FALSE
	EndGlobalSection
	GlobalSection(ExtensibilityGlobals) = postSolution
		SolutionGuid = {B39794BD-2764-4FC8-A495-F7395368215A}
	EndGlobalSection
EndGlobal
