
Microsoft Visual Studio Solution File, Format Version 12.00
# Visual Studio Version 17
VisualStudioVersion = 17.3.32929.385
MinimumVisualStudioVersion = 10.0.40219.1
Project("{FAE04EC0-301F-11D3-BF4B-00C04F79EFBC}") = "Stos", "Stos.csproj", "{F06EADF1-37D5-45A4-8A57-9F2869F36950}"
EndProject
Global
	GlobalSection(SolutionConfigurationPlatforms) = preSolution
		Debug|Any CPU = Debug|Any CPU
		Release|Any CPU = Release|Any CPU
	EndGlobalSection
	GlobalSection(ProjectConfigurationPlatforms) = postSolution
		{F06EADF1-37D5-45A4-8A57-9F2869F36950}.Debug|Any CPU.ActiveCfg = Debug|Any CPU
		{F06EADF1-37D5-45A4-8A57-9F2869F36950}.Debug|Any CPU.Build.0 = Debug|Any CPU
		{F06EADF1-37D5-45A4-8A57-9F2869F36950}.Release|Any CPU.ActiveCfg = Release|Any CPU
		{F06EADF1-37D5-45A4-8A57-9F2869F36950}.Release|Any CPU.Build.0 = Release|Any CPU
	EndGlobalSection
	GlobalSection(SolutionProperties) = preSolution
		HideSolutionNode = FALSE
	EndGlobalSection
	GlobalSection(ExtensibilityGlobals) = postSolution
		SolutionGuid = {C10ACA14-2A0E-4EF8-86F5-7ABB8D2DDA18}
	EndGlobalSection
EndGlobal
