
Microsoft Visual Studio Solution File, Format Version 12.00
# Visual Studio Version 17
VisualStudioVersion = 17.3.32929.385
MinimumVisualStudioVersion = 10.0.40219.1
Project("{FAE04EC0-301F-11D3-BF4B-00C04F79EFBC}") = "DIGNUM - Digital LED Numbers", "DIGNUM - Digital LED Numbers.csproj", "{1CE3291A-9D32-41E5-88B2-2D88313AC220}"
EndProject
Global
	GlobalSection(SolutionConfigurationPlatforms) = preSolution
		Debug|Any CPU = Debug|Any CPU
		Release|Any CPU = Release|Any CPU
	EndGlobalSection
	GlobalSection(ProjectConfigurationPlatforms) = postSolution
		{1CE3291A-9D32-41E5-88B2-2D88313AC220}.Debug|Any CPU.ActiveCfg = Debug|Any CPU
		{1CE3291A-9D32-41E5-88B2-2D88313AC220}.Debug|Any CPU.Build.0 = Debug|Any CPU
		{1CE3291A-9D32-41E5-88B2-2D88313AC220}.Release|Any CPU.ActiveCfg = Release|Any CPU
		{1CE3291A-9D32-41E5-88B2-2D88313AC220}.Release|Any CPU.Build.0 = Release|Any CPU
	EndGlobalSection
	GlobalSection(SolutionProperties) = preSolution
		HideSolutionNode = FALSE
	EndGlobalSection
	GlobalSection(ExtensibilityGlobals) = postSolution
		SolutionGuid = {C7037A66-29A5-4CD0-8A13-6310E7C80E6A}
	EndGlobalSection
EndGlobal
