
Microsoft Visual Studio Solution File, Format Version 12.00
# Visual Studio Version 17
VisualStudioVersion = 17.3.32929.385
MinimumVisualStudioVersion = 10.0.40219.1
Project("{FAE04EC0-301F-11D3-BF4B-00C04F79EFBC}") = "Zadanie - Tablice 1D - 2", "Zadanie - Tablice 1D - 2.csproj", "{7482F269-B29A-49AA-9EE8-C29820DF0228}"
EndProject
Global
	GlobalSection(SolutionConfigurationPlatforms) = preSolution
		Debug|Any CPU = Debug|Any CPU
		Release|Any CPU = Release|Any CPU
	EndGlobalSection
	GlobalSection(ProjectConfigurationPlatforms) = postSolution
		{7482F269-B29A-49AA-9EE8-C29820DF0228}.Debug|Any CPU.ActiveCfg = Debug|Any CPU
		{7482F269-B29A-49AA-9EE8-C29820DF0228}.Debug|Any CPU.Build.0 = Debug|Any CPU
		{7482F269-B29A-49AA-9EE8-C29820DF0228}.Release|Any CPU.ActiveCfg = Release|Any CPU
		{7482F269-B29A-49AA-9EE8-C29820DF0228}.Release|Any CPU.Build.0 = Release|Any CPU
	EndGlobalSection
	GlobalSection(SolutionProperties) = preSolution
		HideSolutionNode = FALSE
	EndGlobalSection
	GlobalSection(ExtensibilityGlobals) = postSolution
		SolutionGuid = {8DF629E1-7873-4E30-B0AA-188781F4008F}
	EndGlobalSection
EndGlobal
