
Microsoft Visual Studio Solution File, Format Version 12.00
# Visual Studio Version 17
VisualStudioVersion = 17.3.32929.385
MinimumVisualStudioVersion = 10.0.40219.1
Project("{FAE04EC0-301F-11D3-BF4B-00C04F79EFBC}") = "Cwiczenie do Egzaminu - Wzorki 2", "Cwiczenie do Egzaminu - Wzorki 2.csproj", "{F94795F5-FB5F-485E-81E7-6A8E86548C4C}"
EndProject
Global
	GlobalSection(SolutionConfigurationPlatforms) = preSolution
		Debug|Any CPU = Debug|Any CPU
		Release|Any CPU = Release|Any CPU
	EndGlobalSection
	GlobalSection(ProjectConfigurationPlatforms) = postSolution
		{F94795F5-FB5F-485E-81E7-6A8E86548C4C}.Debug|Any CPU.ActiveCfg = Debug|Any CPU
		{F94795F5-FB5F-485E-81E7-6A8E86548C4C}.Debug|Any CPU.Build.0 = Debug|Any CPU
		{F94795F5-FB5F-485E-81E7-6A8E86548C4C}.Release|Any CPU.ActiveCfg = Release|Any CPU
		{F94795F5-FB5F-485E-81E7-6A8E86548C4C}.Release|Any CPU.Build.0 = Release|Any CPU
	EndGlobalSection
	GlobalSection(SolutionProperties) = preSolution
		HideSolutionNode = FALSE
	EndGlobalSection
	GlobalSection(ExtensibilityGlobals) = postSolution
		SolutionGuid = {2CCA3C02-8FD5-44E7-BCAC-24750A95ABB2}
	EndGlobalSection
EndGlobal
