
Microsoft Visual Studio Solution File, Format Version 12.00
# Visual Studio Version 17
VisualStudioVersion = 17.3.32929.385
MinimumVisualStudioVersion = 10.0.40219.1
Project("{FAE04EC0-301F-11D3-BF4B-00C04F79EFBC}") = "Zadanie - Led Numbers", "Zadanie - Led Numbers.csproj", "{0EFDC33D-1573-4733-8A4D-17F0D46490F5}"
EndProject
Global
	GlobalSection(SolutionConfigurationPlatforms) = preSolution
		Debug|Any CPU = Debug|Any CPU
		Release|Any CPU = Release|Any CPU
	EndGlobalSection
	GlobalSection(ProjectConfigurationPlatforms) = postSolution
		{0EFDC33D-1573-4733-8A4D-17F0D46490F5}.Debug|Any CPU.ActiveCfg = Debug|Any CPU
		{0EFDC33D-1573-4733-8A4D-17F0D46490F5}.Debug|Any CPU.Build.0 = Debug|Any CPU
		{0EFDC33D-1573-4733-8A4D-17F0D46490F5}.Release|Any CPU.ActiveCfg = Release|Any CPU
		{0EFDC33D-1573-4733-8A4D-17F0D46490F5}.Release|Any CPU.Build.0 = Release|Any CPU
	EndGlobalSection
	GlobalSection(SolutionProperties) = preSolution
		HideSolutionNode = FALSE
	EndGlobalSection
	GlobalSection(ExtensibilityGlobals) = postSolution
		SolutionGuid = {A10DEC75-DD3A-4DC2-8BB3-61AA6A309DD2}
	EndGlobalSection
EndGlobal
